
Microsoft Visual Studio Solution File, Format Version 12.00
# Visual Studio 15
VisualStudioVersion = 15.0.28010.2048
MinimumVisualStudioVersion = 10.0.40219.1
Project("{FAE04EC0-301F-11D3-BF4B-00C04F79EFBC}") = "PasswordChangeAssistant", "src\PasswordChangeAssistant.csproj", "{F7FE33ED-5996-4584-8007-4381B62B14F7}"
EndProject
Project("{FAE04EC0-301F-11D3-BF4B-00C04F79EFBC}") = "KeePass", "..\_KeePass_Source\KeePass\KeePass.csproj", "{10938016-DEE2-4A25-9A5A-8FD3444379CA}"
EndProject
Project("{2150E333-8FDC-42A3-9474-1A3956D46DE8}") = "Solution Items", "Solution Items", "{A2EE92F2-DCD2-49DC-BACD-A5CDF1990F76}"
	ProjectSection(SolutionItems) = preProject
		plgxcreate.cmd = plgxcreate.cmd
		version.info = version.info
	EndProjectSection
EndProject
Global
	GlobalSection(SolutionConfigurationPlatforms) = preSolution
		Debug|Any CPU = Debug|Any CPU
		ReleasePlgx|Any CPU = ReleasePlgx|Any CPU
	EndGlobalSection
	GlobalSection(ProjectConfigurationPlatforms) = postSolution
		{F7FE33ED-5996-4584-8007-4381B62B14F7}.Debug|Any CPU.ActiveCfg = Debug|Any CPU
		{F7FE33ED-5996-4584-8007-4381B62B14F7}.Debug|Any CPU.Build.0 = Debug|Any CPU
		{F7FE33ED-5996-4584-8007-4381B62B14F7}.ReleasePlgx|Any CPU.ActiveCfg = ReleasePlgx|Any CPU
		{F7FE33ED-5996-4584-8007-4381B62B14F7}.ReleasePlgx|Any CPU.Build.0 = ReleasePlgx|Any CPU
		{10938016-DEE2-4A25-9A5A-8FD3444379CA}.Debug|Any CPU.ActiveCfg = Debug|Any CPU
		{10938016-DEE2-4A25-9A5A-8FD3444379CA}.Debug|Any CPU.Build.0 = Debug|Any CPU
		{10938016-DEE2-4A25-9A5A-8FD3444379CA}.ReleasePlgx|Any CPU.ActiveCfg = Release|Any CPU
		{10938016-DEE2-4A25-9A5A-8FD3444379CA}.ReleasePlgx|Any CPU.Build.0 = Release|Any CPU
	EndGlobalSection
	GlobalSection(SolutionProperties) = preSolution
		HideSolutionNode = FALSE
	EndGlobalSection
	GlobalSection(ExtensibilityGlobals) = postSolution
		SolutionGuid = {9F88CDD1-7EEB-488E-B7CA-B144C2917ACF}
	EndGlobalSection
EndGlobal
